
Microsoft Visual Studio Solution File, Format Version 12.00
# Visual Studio Version 17
VisualStudioVersion = 17.8.34408.163
MinimumVisualStudioVersion = 10.0.40219.1
Project("{FAE04EC0-301F-11D3-BF4B-00C04F79EFBC}") = "web_banmaytinh_LeKhaQuyen", "qlmaytinh_khaquyen\web_banmaytinh_LeKhaQuyen.csproj", "{D8178475-305E-4252-8F32-4C7DC1BFB25E}"
EndProject
Global
	GlobalSection(SolutionConfigurationPlatforms) = preSolution
		Debug|Any CPU = Debug|Any CPU
		Release|Any CPU = Release|Any CPU
	EndGlobalSection
	GlobalSection(ProjectConfigurationPlatforms) = postSolution
		{D8178475-305E-4252-8F32-4C7DC1BFB25E}.Debug|Any CPU.ActiveCfg = Debug|Any CPU
		{D8178475-305E-4252-8F32-4C7DC1BFB25E}.Debug|Any CPU.Build.0 = Debug|Any CPU
		{D8178475-305E-4252-8F32-4C7DC1BFB25E}.Release|Any CPU.ActiveCfg = Release|Any CPU
		{D8178475-305E-4252-8F32-4C7DC1BFB25E}.Release|Any CPU.Build.0 = Release|Any CPU
	EndGlobalSection
	GlobalSection(SolutionProperties) = preSolution
		HideSolutionNode = FALSE
	EndGlobalSection
	GlobalSection(ExtensibilityGlobals) = postSolution
		SolutionGuid = {E90168DC-E3ED-41E8-A695-4E7EB3735859}
	EndGlobalSection
EndGlobal
